
Microsoft Visual Studio Solution File, Format Version 12.00
# Visual Studio Version 17
VisualStudioVersion = 17.11.35312.102
MinimumVisualStudioVersion = 10.0.40219.1
Project("{FAE04EC0-301F-11D3-BF4B-00C04F79EFBC}") = "atoz-dotnet", "atoz-dotnet\atoz-dotnet.csproj", "{48D86E6F-6158-4F60-9444-D5721D0F043C}"
EndProject
Global
	GlobalSection(SolutionConfigurationPlatforms) = preSolution
		Debug|Any CPU = Debug|Any CPU
		Release|Any CPU = Release|Any CPU
	EndGlobalSection
	GlobalSection(ProjectConfigurationPlatforms) = postSolution
		{48D86E6F-6158-4F60-9444-D5721D0F043C}.Debug|Any CPU.ActiveCfg = Debug|Any CPU
		{48D86E6F-6158-4F60-9444-D5721D0F043C}.Debug|Any CPU.Build.0 = Debug|Any CPU
		{48D86E6F-6158-4F60-9444-D5721D0F043C}.Release|Any CPU.ActiveCfg = Release|Any CPU
		{48D86E6F-6158-4F60-9444-D5721D0F043C}.Release|Any CPU.Build.0 = Release|Any CPU
	EndGlobalSection
	GlobalSection(SolutionProperties) = preSolution
		HideSolutionNode = FALSE
	EndGlobalSection
	GlobalSection(ExtensibilityGlobals) = postSolution
		SolutionGuid = {17B45D4D-B63C-4C58-A7E0-A7A54851D195}
	EndGlobalSection
EndGlobal
